
Microsoft Visual Studio Solution File, Format Version 12.00
# Visual Studio Version 16
VisualStudioVersion = 16.0.32802.440
MinimumVisualStudioVersion = 10.0.40219.1
Project("{FAE04EC0-301F-11D3-BF4B-00C04F79EFBC}") = "MvcOnlineTicariOtomasyon1", "MvcOnlineTicariOtomasyon1\MvcOnlineTicariOtomasyon1.csproj", "{717A96C1-1D4E-497D-BAEA-C5AC2EE02325}"
EndProject
Global
	GlobalSection(SolutionConfigurationPlatforms) = preSolution
		Debug|Any CPU = Debug|Any CPU
		Release|Any CPU = Release|Any CPU
	EndGlobalSection
	GlobalSection(ProjectConfigurationPlatforms) = postSolution
		{717A96C1-1D4E-497D-BAEA-C5AC2EE02325}.Debug|Any CPU.ActiveCfg = Debug|Any CPU
		{717A96C1-1D4E-497D-BAEA-C5AC2EE02325}.Debug|Any CPU.Build.0 = Debug|Any CPU
		{717A96C1-1D4E-497D-BAEA-C5AC2EE02325}.Release|Any CPU.ActiveCfg = Release|Any CPU
		{717A96C1-1D4E-497D-BAEA-C5AC2EE02325}.Release|Any CPU.Build.0 = Release|Any CPU
	EndGlobalSection
	GlobalSection(SolutionProperties) = preSolution
		HideSolutionNode = FALSE
	EndGlobalSection
	GlobalSection(ExtensibilityGlobals) = postSolution
		SolutionGuid = {208ABC12-68AD-40ED-9A73-56E920C27DF5}
	EndGlobalSection
EndGlobal
